// !$*UTF8*$!
{
	archiveVersion = 1;
	classes = {
	};
	objectVersion = 50;
	objects = {

/* Begin PBXBuildFile section */
		E6759266224DF39200090895 /* DateField.m in Sources */ = {isa = PBXBuildFile; fileRef = E6759258224DF39200090895 /* DateField.m */; };
		E6759267224DF39200090895 /* Assets.xcassets in Resources */ = {isa = PBXBuildFile; fileRef = E675925C224DF39200090895 /* Assets.xcassets */; };
		E6759268224DF39200090895 /* ViewController.m in Sources */ = {isa = PBXBuildFile; fileRef = E675925D224DF39200090895 /* ViewController.m */; };
		E6759269224DF39200090895 /* LaunchScreen.storyboard in Resources */ = {isa = PBXBuildFile; fileRef = E675925E224DF39200090895 /* LaunchScreen.storyboard */; };
		E675926A224DF39200090895 /* Main.storyboard in Resources */ = {isa = PBXBuildFile; fileRef = E6759260224DF39200090895 /* Main.storyboard */; };
		E675926B224DF39200090895 /* main.m in Sources */ = {isa = PBXBuildFile; fileRef = E6759262224DF39200090895 /* main.m */; };
		E675926C224DF39200090895 /* AppDelegate.m in Sources */ = {isa = PBXBuildFile; fileRef = E6759263224DF39200090895 /* AppDelegate.m */; };
		E6759273224DF45300090895 /* NSString+RegularExpression.m in Sources */ = {isa = PBXBuildFile; fileRef = E6759272224DF45300090895 /* NSString+RegularExpression.m */; };
		E6759275224DF6A900090895 /* Default-568h@2x.png in Resources */ = {isa = PBXBuildFile; fileRef = E6759274224DF6A900090895 /* Default-568h@2x.png */; };
/* End PBXBuildFile section */

/* Begin PBXFileReference section */
		E675921C224DF26B00090895 /* DateField.app */ = {isa = PBXFileReference; explicitFileType = wrapper.application; includeInIndex = 0; path = DateField.app; sourceTree = BUILT_PRODUCTS_DIR; };
		E6759258224DF39200090895 /* DateField.m */ = {isa = PBXFileReference; fileEncoding = 4; lastKnownFileType = sourcecode.c.objc; path = DateField.m; sourceTree = "<group>"; };
		E6759259224DF39200090895 /* DateField.h */ = {isa = PBXFileReference; fileEncoding = 4; lastKnownFileType = sourcecode.c.h; path = DateField.h; sourceTree = "<group>"; };
		E675925B224DF39200090895 /* AppDelegate.h */ = {isa = PBXFileReference; fileEncoding = 4; lastKnownFileType = sourcecode.c.h; path = AppDelegate.h; sourceTree = "<group>"; };
		E675925C224DF39200090895 /* Assets.xcassets */ = {isa = PBXFileReference; lastKnownFileType = folder.assetcatalog; path = Assets.xcassets; sourceTree = "<group>"; };
		E675925D224DF39200090895 /* ViewController.m */ = {isa = PBXFileReference; fileEncoding = 4; lastKnownFileType = sourcecode.c.objc; path = ViewController.m; sourceTree = "<group>"; };
		E675925F224DF39200090895 /* Base */ = {isa = PBXFileReference; lastKnownFileType = file.storyboard; name = Base; path = Base.lproj/LaunchScreen.storyboard; sourceTree = "<group>"; };
		E6759261224DF39200090895 /* Base */ = {isa = PBXFileReference; lastKnownFileType = file.storyboard; name = Base; path = Base.lproj/Main.storyboard; sourceTree = "<group>"; };
		E6759262224DF39200090895 /* main.m */ = {isa = PBXFileReference; fileEncoding = 4; lastKnownFileType = sourcecode.c.objc; path = main.m; sourceTree = "<group>"; };
		E6759263224DF39200090895 /* AppDelegate.m */ = {isa = PBXFileReference; fileEncoding = 4; lastKnownFileType = sourcecode.c.objc; path = AppDelegate.m; sourceTree = "<group>"; };
		E6759264224DF39200090895 /* Info.plist */ = {isa = PBXFileReference; fileEncoding = 4; lastKnownFileType = text.plist.xml; path = Info.plist; sourceTree = "<group>"; };
		E6759265224DF39200090895 /* ViewController.h */ = {isa = PBXFileReference; fileEncoding = 4; lastKnownFileType = sourcecode.c.h; path = ViewController.h; sourceTree = "<group>"; };
		E6759271224DF45300090895 /* NSString+RegularExpression.h */ = {isa = PBXFileReference; lastKnownFileType = sourcecode.c.h; path = "NSString+RegularExpression.h"; sourceTree = "<group>"; };
		E6759272224DF45300090895 /* NSString+RegularExpression.m */ = {isa = PBXFileReference; lastKnownFileType = sourcecode.c.objc; path = "NSString+RegularExpression.m"; sourceTree = "<group>"; };
		E6759274224DF6A900090895 /* Default-568h@2x.png */ = {isa = PBXFileReference; lastKnownFileType = image.png; path = "Default-568h@2x.png"; sourceTree = "<group>"; };
/* End PBXFileReference section */

/* Begin PBXFrameworksBuildPhase section */
		E6759219224DF26B00090895 /* Frameworks */ = {
			isa = PBXFrameworksBuildPhase;
			buildActionMask = 2147483647;
			files = (
			);
			runOnlyForDeploymentPostprocessing = 0;
		};
/* End PBXFrameworksBuildPhase section */

/* Begin PBXGroup section */
		E6759213224DF26B00090895 = {
			isa = PBXGroup;
			children = (
				E6759274224DF6A900090895 /* Default-568h@2x.png */,
				E6759257224DF39200090895 /* DateField */,
				E675925A224DF39200090895 /* Main */,
				E675921D224DF26B00090895 /* Products */,
			);
			sourceTree = "<group>";
		};
		E675921D224DF26B00090895 /* Products */ = {
			isa = PBXGroup;
			children = (
				E675921C224DF26B00090895 /* DateField.app */,
			);
			name = Products;
			sourceTree = "<group>";
		};
		E6759257224DF39200090895 /* DateField */ = {
			isa = PBXGroup;
			children = (
				E6759259224DF39200090895 /* DateField.h */,
				E6759258224DF39200090895 /* DateField.m */,
				E6759271224DF45300090895 /* NSString+RegularExpression.h */,
				E6759272224DF45300090895 /* NSString+RegularExpression.m */,
			);
			path = DateField;
			sourceTree = "<group>";
		};
		E675925A224DF39200090895 /* Main */ = {
			isa = PBXGroup;
			children = (
				E675925B224DF39200090895 /* AppDelegate.h */,
				E6759263224DF39200090895 /* AppDelegate.m */,
				E675925C224DF39200090895 /* Assets.xcassets */,
				E6759264224DF39200090895 /* Info.plist */,
				E675925E224DF39200090895 /* LaunchScreen.storyboard */,
				E6759262224DF39200090895 /* main.m */,
				E6759260224DF39200090895 /* Main.storyboard */,
				E6759265224DF39200090895 /* ViewController.h */,
				E675925D224DF39200090895 /* ViewController.m */,
			);
			path = Main;
			sourceTree = "<group>";
		};
/* End PBXGroup section */

/* Begin PBXNativeTarget section */
		E675921B224DF26B00090895 /* DateField */ = {
			isa = PBXNativeTarget;
			buildConfigurationList = E6759232224DF26D00090895 /* Build configuration list for PBXNativeTarget "DateField" */;
			buildPhases = (
				E6759218224DF26B00090895 /* Sources */,
				E6759219224DF26B00090895 /* Frameworks */,
				E675921A224DF26B00090895 /* Resources */,
			);
			buildRules = (
			);
			dependencies = (
			);
			name = DateField;
			productName = DateField;
			productReference = E675921C224DF26B00090895 /* DateField.app */;
			productType = "com.apple.product-type.application";
		};
/* End PBXNativeTarget section */

/* Begin PBXProject section */
		E6759214224DF26B00090895 /* Project object */ = {
			isa = PBXProject;
			attributes = {
				LastUpgradeCheck = 1010;
				ORGANIZATIONNAME = sili_xia;
				TargetAttributes = {
					E675921B224DF26B00090895 = {
						CreatedOnToolsVersion = 10.1;
					};
				};
			};
			buildConfigurationList = E6759217224DF26B00090895 /* Build configuration list for PBXProject "DateField" */;
			compatibilityVersion = "Xcode 9.3";
			developmentRegion = en;
			hasScannedForEncodings = 0;
			knownRegions = (
				en,
				Base,
			);
			mainGroup = E6759213224DF26B00090895;
			productRefGroup = E675921D224DF26B00090895 /* Products */;
			projectDirPath = "";
			projectRoot = "";
			targets = (
				E675921B224DF26B00090895 /* DateField */,
			);
		};
/* End PBXProject section */

/* Begin PBXResourcesBuildPhase section */
		E675921A224DF26B00090895 /* Resources */ = {
			isa = PBXResourcesBuildPhase;
			buildActionMask = 2147483647;
			files = (
				E675926A224DF39200090895 /* Main.storyboard in Resources */,
				E6759267224DF39200090895 /* Assets.xcassets in Resources */,
				E6759275224DF6A900090895 /* Default-568h@2x.png in Resources */,
				E6759269224DF39200090895 /* LaunchScreen.storyboard in Resources */,
			);
			runOnlyForDeploymentPostprocessing = 0;
		};
/* End PBXResourcesBuildPhase section */

/* Begin PBXSourcesBuildPhase section */
		E6759218224DF26B00090895 /* Sources */ = {
			isa = PBXSourcesBuildPhase;
			buildActionMask = 2147483647;
			files = (
				E675926C224DF39200090895 /* AppDelegate.m in Sources */,
				E6759268224DF39200090895 /* ViewController.m in Sources */,
				E6759273224DF45300090895 /* NSString+RegularExpression.m in Sources */,
				E675926B224DF39200090895 /* main.m in Sources */,
				E6759266224DF39200090895 /* DateField.m in Sources */,
			);
			runOnlyForDeploymentPostprocessing = 0;
		};
/* End PBXSourcesBuildPhase section */

/* Begin PBXVariantGroup section */
		E675925E224DF39200090895 /* LaunchScreen.storyboard */ = {
			isa = PBXVariantGroup;
			children = (
				E675925F224DF39200090895 /* Base */,
			);
			name = LaunchScreen.storyboard;
			sourceTree = "<group>";
		};
		E6759260224DF39200090895 /* Main.storyboard */ = {
			isa = PBXVariantGroup;
			children = (
				E6759261224DF39200090895 /* Base */,
			);
			name = Main.storyboard;
			sourceTree = "<group>";
		};
/* End PBXVariantGroup section */

/* Begin XCBuildConfiguration section */
		E6759230224DF26D00090895 /* Debug */ = {
			isa = XCBuildConfiguration;
			buildSettings = {
				ALWAYS_SEARCH_USER_PATHS = NO;
				CLANG_ANALYZER_NONNULL = YES;
				CLANG_ANALYZER_NUMBER_OBJECT_CONVERSION = YES_AGGRESSIVE;
				CLANG_CXX_LANGUAGE_STANDARD = "gnu++14";
				CLANG_CXX_LIBRARY = "libc++";
				CLANG_ENABLE_MODULES = YES;
				CLANG_ENABLE_OBJC_ARC = YES;
				CLANG_ENABLE_OBJC_WEAK = YES;
				CLANG_WARN_BLOCK_CAPTURE_AUTORELEASING = YES;
				CLANG_WARN_BOOL_CONVERSION = YES;
				CLANG_WARN_COMMA = YES;
				CLANG_WARN_CONSTANT_CONVERSION = YES;
				CLANG_WARN_DEPRECATED_OBJC_IMPLEMENTATIONS = YES;
				CLANG_WARN_DIRECT_OBJC_ISA_USAGE = YES_ERROR;
				CLANG_WARN_DOCUMENTATION_COMMENTS = YES;
				CLANG_WARN_EMPTY_BODY = YES;
				CLANG_WARN_ENUM_CONVERSION = YES;
				CLANG_WARN_INFINITE_RECURSION = YES;
				CLANG_WARN_INT_CONVERSION = YES;
				CLANG_WARN_NON_LITERAL_NULL_CONVERSION = YES;
				CLANG_WARN_OBJC_IMPLICIT_RETAIN_SELF = YES;
				CLANG_WARN_OBJC_LITERAL_CONVERSION = YES;
				CLANG_WARN_OBJC_ROOT_CLASS = YES_ERROR;
				CLANG_WARN_RANGE_LOOP_ANALYSIS = YES;
				CLANG_WARN_STRICT_PROTOTYPES = YES;
				CLANG_WARN_SUSPICIOUS_MOVE = YES;
				CLANG_WARN_UNGUARDED_AVAILABILITY = YES_AGGRESSIVE;
				CLANG_WARN_UNREACHABLE_CODE = YES;
				CLANG_WARN__DUPLICATE_METHOD_MATCH = YES;
				CODE_SIGN_IDENTITY = "iPhone Developer";
				COPY_PHASE_STRIP = NO;
				DEBUG_INFORMATION_FORMAT = dwarf;
				ENABLE_STRICT_OBJC_MSGSEND = YES;
				ENABLE_TESTABILITY = YES;
				GCC_C_LANGUAGE_STANDARD = gnu11;
				GCC_DYNAMIC_NO_PIC = NO;
				GCC_NO_COMMON_BLOCKS = YES;
				GCC_OPTIMIZATION_LEVEL = 0;
				GCC_PREPROCESSOR_DEFINITIONS = (
					"DEBUG=1",
					"$(inherited)",
				);
				GCC_WARN_64_TO_32_BIT_CONVERSION = YES;
				GCC_WARN_ABOUT_RETURN_TYPE = YES_ERROR;
				GCC_WARN_UNDECLARED_SELECTOR = YES;
				GCC_WARN_UNINITIALIZED_AUTOS = YES_AGGRESSIVE;
				GCC_WARN_UNUSED_FUNCTION = YES;
				GCC_WARN_UNUSED_VARIABLE = YES;
				IPHONEOS_DEPLOYMENT_TARGET = 12.1;
				MTL_ENABLE_DEBUG_INFO = INCLUDE_SOURCE;
				MTL_FAST_MATH = YES;
				ONLY_ACTIVE_ARCH = YES;
				SDKROOT = iphoneos;
			};
			name = Debug;
		};
		E6759231224DF26D00090895 /* Release */ = {
			isa = XCBuildConfiguration;
			buildSettings = {
				ALWAYS_SEARCH_USER_PATHS = NO;
				CLANG_ANALYZER_NONNULL = YES;
				CLANG_ANALYZER_NUMBER_OBJECT_CONVERSION = YES_AGGRESSIVE;
				CLANG_CXX_LANGUAGE_STANDARD = "gnu++14";
				CLANG_CXX_LIBRARY = "libc++";
				CLANG_ENABLE_MODULES = YES;
				CLANG_ENABLE_OBJC_ARC = YES;
				CLANG_ENABLE_OBJC_WEAK = YES;
				CLANG_WARN_BLOCK_CAPTURE_AUTORELEASING = YES;
				CLANG_WARN_BOOL_CONVERSION = YES;
				CLANG_WARN_COMMA = YES;
				CLANG_WARN_CONSTANT_CONVERSION = YES;
				CLANG_WARN_DEPRECATED_OBJC_IMPLEMENTATIONS = YES;
				CLANG_WARN_DIRECT_OBJC_ISA_USAGE = YES_ERROR;
				CLANG_WARN_DOCUMENTATION_COMMENTS = YES;
				CLANG_WARN_EMPTY_BODY = YES;
				CLANG_WARN_ENUM_CONVERSION = YES;
				CLANG_WARN_INFINITE_RECURSION = YES;
				CLANG_WARN_INT_CONVERSION = YES;
				CLANG_WARN_NON_LITERAL_NULL_CONVERSION = YES;
				CLANG_WARN_OBJC_IMPLICIT_RETAIN_SELF = YES;
				CLANG_WARN_OBJC_LITERAL_CONVERSION = YES;
				CLANG_WARN_OBJC_ROOT_CLASS = YES_ERROR;
				CLANG_WARN_RANGE_LOOP_ANALYSIS = YES;
				CLANG_WARN_STRICT_PROTOTYPES = YES;
				CLANG_WARN_SUSPICIOUS_MOVE = YES;
				CLANG_WARN_UNGUARDED_AVAILABILITY = YES_AGGRESSIVE;
				CLANG_WARN_UNREACHABLE_CODE = YES;
				CLANG_WARN__DUPLICATE_METHOD_MATCH = YES;
				CODE_SIGN_IDENTITY = "iPhone Developer";
				COPY_PHASE_STRIP = NO;
				DEBUG_INFORMATION_FORMAT = "dwarf-with-dsym";
				ENABLE_NS_ASSERTIONS = NO;
				ENABLE_STRICT_OBJC_MSGSEND = YES;
				GCC_C_LANGUAGE_STANDARD = gnu11;
				GCC_NO_COMMON_BLOCKS = YES;
				GCC_WARN_64_TO_32_BIT_CONVERSION = YES;
				GCC_WARN_ABOUT_RETURN_TYPE = YES_ERROR;
				GCC_WARN_UNDECLARED_SELECTOR = YES;
				GCC_WARN_UNINITIALIZED_AUTOS = YES_AGGRESSIVE;
				GCC_WARN_UNUSED_FUNCTION = YES;
				GCC_WARN_UNUSED_VARIABLE = YES;
				IPHONEOS_DEPLOYMENT_TARGET = 12.1;
				MTL_ENABLE_DEBUG_INFO = NO;
				MTL_FAST_MATH = YES;
				SDKROOT = iphoneos;
				VALIDATE_PRODUCT = YES;
			};
			name = Release;
		};
		E6759233224DF26D00090895 /* Debug */ = {
			isa = XCBuildConfiguration;
			buildSettings = {
				ASSETCATALOG_COMPILER_APPICON_NAME = AppIcon;
				CODE_SIGN_STYLE = Automatic;
				DEVELOPMENT_TEAM = 33XH646ZU3;
				HEADER_SEARCH_PATHS = "$(SRCROOT)/Main";
				INFOPLIST_FILE = "$(SRCROOT)/Main/Info.plist";
				LD_RUNPATH_SEARCH_PATHS = (
					"$(inherited)",
					"@executable_path/Frameworks",
				);
				PRODUCT_BUNDLE_IDENTIFIER = com.onepiece.DateField;
				PRODUCT_NAME = "$(TARGET_NAME)";
				TARGETED_DEVICE_FAMILY = "1,2";
			};
			name = Debug;
		};
		E6759234224DF26D00090895 /* Release */ = {
			isa = XCBuildConfiguration;
			buildSettings = {
				ASSETCATALOG_COMPILER_APPICON_NAME = AppIcon;
				CODE_SIGN_STYLE = Automatic;
				DEVELOPMENT_TEAM = 33XH646ZU3;
				HEADER_SEARCH_PATHS = "$(SRCROOT)/Main";
				INFOPLIST_FILE = "$(SRCROOT)/Main/Info.plist";
				LD_RUNPATH_SEARCH_PATHS = (
					"$(inherited)",
					"@executable_path/Frameworks",
				);
				PRODUCT_BUNDLE_IDENTIFIER = com.onepiece.DateField;
				PRODUCT_NAME = "$(TARGET_NAME)";
				TARGETED_DEVICE_FAMILY = "1,2";
			};
			name = Release;
		};
/* End XCBuildConfiguration section */

/* Begin XCConfigurationList section */
		E6759217224DF26B00090895 /* Build configuration list for PBXProject "DateField" */ = {
			isa = XCConfigurationList;
			buildConfigurations = (
				E6759230224DF26D00090895 /* Debug */,
				E6759231224DF26D00090895 /* Release */,
			);
			defaultConfigurationIsVisible = 0;
			defaultConfigurationName = Release;
		};
		E6759232224DF26D00090895 /* Build configuration list for PBXNativeTarget "DateField" */ = {
			isa = XCConfigurationList;
			buildConfigurations = (
				E6759233224DF26D00090895 /* Debug */,
				E6759234224DF26D00090895 /* Release */,
			);
			defaultConfigurationIsVisible = 0;
			defaultConfigurationName = Release;
		};
/* End XCConfigurationList section */
	};
	rootObject = E6759214224DF26B00090895 /* Project object */;
}
